
Microsoft Visual Studio Solution File, Format Version 12.00
# Visual Studio Version 17
VisualStudioVersion = 17.11.34929.205
MinimumVisualStudioVersion = 10.0.40219.1
Project("{9A19103F-16F7-4668-BE54-9A1E7A4F7556}") = "TheStrangerTheyAre", "TheStrangerTheyAre\TheStrangerTheyAre.csproj", "{74ECDB0D-DF84-4C8B-90A8-0C33EB6D6822}"
EndProject
Global
	GlobalSection(SolutionConfigurationPlatforms) = preSolution
		Debug|Any CPU = Debug|Any CPU
		Release|Any CPU = Release|Any CPU
	EndGlobalSection
	GlobalSection(ProjectConfigurationPlatforms) = postSolution
		{74ECDB0D-DF84-4C8B-90A8-0C33EB6D6822}.Debug|Any CPU.ActiveCfg = Debug|Any CPU
		{74ECDB0D-DF84-4C8B-90A8-0C33EB6D6822}.Debug|Any CPU.Build.0 = Debug|Any CPU
		{74ECDB0D-DF84-4C8B-90A8-0C33EB6D6822}.Release|Any CPU.ActiveCfg = Release|Any CPU
		{74ECDB0D-DF84-4C8B-90A8-0C33EB6D6822}.Release|Any CPU.Build.0 = Release|Any CPU
	EndGlobalSection
	GlobalSection(SolutionProperties) = preSolution
		HideSolutionNode = FALSE
	EndGlobalSection
	GlobalSection(ExtensibilityGlobals) = postSolution
		SolutionGuid = {B7ED578A-4E7E-4805-998B-23885EEBC164}
	EndGlobalSection
EndGlobal
